
Microsoft Visual Studio Solution File, Format Version 12.00
# Visual Studio 15
VisualStudioVersion = 15.0.28010.2048
MinimumVisualStudioVersion = 10.0.40219.1
Project("{FAE04EC0-301F-11D3-BF4B-00C04F79EFBC}") = "ingilizce_Kelime", "ingilizce_Kelime\ingilizce_Kelime.csproj", "{5F1E7815-96E6-4785-B7BC-CE2D33B5D192}"
EndProject
Global
	GlobalSection(SolutionConfigurationPlatforms) = preSolution
		Debug|Any CPU = Debug|Any CPU
		Release|Any CPU = Release|Any CPU
	EndGlobalSection
	GlobalSection(ProjectConfigurationPlatforms) = postSolution
		{5F1E7815-96E6-4785-B7BC-CE2D33B5D192}.Debug|Any CPU.ActiveCfg = Debug|Any CPU
		{5F1E7815-96E6-4785-B7BC-CE2D33B5D192}.Debug|Any CPU.Build.0 = Debug|Any CPU
		{5F1E7815-96E6-4785-B7BC-CE2D33B5D192}.Release|Any CPU.ActiveCfg = Release|Any CPU
		{5F1E7815-96E6-4785-B7BC-CE2D33B5D192}.Release|Any CPU.Build.0 = Release|Any CPU
	EndGlobalSection
	GlobalSection(SolutionProperties) = preSolution
		HideSolutionNode = FALSE
	EndGlobalSection
	GlobalSection(ExtensibilityGlobals) = postSolution
		SolutionGuid = {88D1D50F-66D8-4254-B3B8-DBDEBC94006D}
	EndGlobalSection
EndGlobal
